
Microsoft Visual Studio Solution File, Format Version 12.00
# Visual Studio Version 17
VisualStudioVersion = 17.6.33723.286
MinimumVisualStudioVersion = 10.0.40219.1
Project("{FAE04EC0-301F-11D3-BF4B-00C04F79EFBC}") = "FarmSMv2", "FarmSMv2\FarmSMv2.csproj", "{3E9F54D4-51A8-4B84-8B24-0A9940378555}"
EndProject
Global
	GlobalSection(SolutionConfigurationPlatforms) = preSolution
		Debug|Any CPU = Debug|Any CPU
		Release|Any CPU = Release|Any CPU
	EndGlobalSection
	GlobalSection(ProjectConfigurationPlatforms) = postSolution
		{3E9F54D4-51A8-4B84-8B24-0A9940378555}.Debug|Any CPU.ActiveCfg = Debug|Any CPU
		{3E9F54D4-51A8-4B84-8B24-0A9940378555}.Debug|Any CPU.Build.0 = Debug|Any CPU
		{3E9F54D4-51A8-4B84-8B24-0A9940378555}.Release|Any CPU.ActiveCfg = Release|Any CPU
		{3E9F54D4-51A8-4B84-8B24-0A9940378555}.Release|Any CPU.Build.0 = Release|Any CPU
	EndGlobalSection
	GlobalSection(SolutionProperties) = preSolution
		HideSolutionNode = FALSE
	EndGlobalSection
	GlobalSection(ExtensibilityGlobals) = postSolution
		SolutionGuid = {AFCE01A0-547F-43AB-8725-50AF00E5C6DC}
	EndGlobalSection
EndGlobal
